
Microsoft Visual Studio Solution File, Format Version 12.00
# Visual Studio 14
VisualStudioVersion = 14.0.25420.1
MinimumVisualStudioVersion = 10.0.40219.1
Project("{FAE04EC0-301F-11D3-BF4B-00C04F79EFBC}") = "listOfGoods_RUS", "listOfGoods_RUS\listOfGoods_RUS\listOfGoods_RUS.csproj", "{58FDFBEC-D675-48D7-88D9-C42B12149B8F}"
EndProject
Project("{FAE04EC0-301F-11D3-BF4B-00C04F79EFBC}") = "listOfGoods_RUS.Droid", "listOfGoods_RUS\listOfGoods_RUS.Droid\listOfGoods_RUS.Droid.csproj", "{A66EEA92-D05D-498B-9C64-C49A0912D73E}"
EndProject
Project("{FAE04EC0-301F-11D3-BF4B-00C04F79EFBC}") = "listOfGoods_RUS.iOS", "listOfGoods_RUS\listOfGoods_RUS.iOS\listOfGoods_RUS.iOS.csproj", "{96033608-BD33-4F39-9E35-C33BFEC6C8F6}"
EndProject
Project("{FAE04EC0-301F-11D3-BF4B-00C04F79EFBC}") = "listOfGoods_RUS.WinPhone", "listOfGoods_RUS\listOfGoods_RUS.WinPhone\listOfGoods_RUS.WinPhone.csproj", "{5B9E03C6-20D3-4DB4-B59B-9398DD306270}"
EndProject
Project("{FAE04EC0-301F-11D3-BF4B-00C04F79EFBC}") = "listOfGoods_RUS.UWP", "listOfGoods_RUS\listOfGoods_RUS.UWP\listOfGoods_RUS.UWP.csproj", "{A358ED8E-1DA5-4603-8868-CE547F5D8752}"
EndProject
Project("{FAE04EC0-301F-11D3-BF4B-00C04F79EFBC}") = "listOfGoods_RUS.Windows", "listOfGoods_RUS\listOfGoods_RUS.Windows\listOfGoods_RUS.Windows.csproj", "{C536B5BE-7E43-4CB7-AB5C-1489C1A0E1A6}"
EndProject
Global
	GlobalSection(SolutionConfigurationPlatforms) = preSolution
		Ad-Hoc|Any CPU = Ad-Hoc|Any CPU
		Ad-Hoc|ARM = Ad-Hoc|ARM
		Ad-Hoc|iPhone = Ad-Hoc|iPhone
		Ad-Hoc|iPhoneSimulator = Ad-Hoc|iPhoneSimulator
		Ad-Hoc|x64 = Ad-Hoc|x64
		Ad-Hoc|x86 = Ad-Hoc|x86
		AppStore|Any CPU = AppStore|Any CPU
		AppStore|ARM = AppStore|ARM
		AppStore|iPhone = AppStore|iPhone
		AppStore|iPhoneSimulator = AppStore|iPhoneSimulator
		AppStore|x64 = AppStore|x64
		AppStore|x86 = AppStore|x86
		Debug|Any CPU = Debug|Any CPU
		Debug|ARM = Debug|ARM
		Debug|iPhone = Debug|iPhone
		Debug|iPhoneSimulator = Debug|iPhoneSimulator
		Debug|x64 = Debug|x64
		Debug|x86 = Debug|x86
		Release|Any CPU = Release|Any CPU
		Release|ARM = Release|ARM
		Release|iPhone = Release|iPhone
		Release|iPhoneSimulator = Release|iPhoneSimulator
		Release|x64 = Release|x64
		Release|x86 = Release|x86
	EndGlobalSection
	GlobalSection(ProjectConfigurationPlatforms) = postSolution
		{58FDFBEC-D675-48D7-88D9-C42B12149B8F}.Ad-Hoc|Any CPU.ActiveCfg = Release|Any CPU
		{58FDFBEC-D675-48D7-88D9-C42B12149B8F}.Ad-Hoc|Any CPU.Build.0 = Release|Any CPU
		{58FDFBEC-D675-48D7-88D9-C42B12149B8F}.Ad-Hoc|ARM.ActiveCfg = Release|Any CPU
		{58FDFBEC-D675-48D7-88D9-C42B12149B8F}.Ad-Hoc|ARM.Build.0 = Release|Any CPU
		{58FDFBEC-D675-48D7-88D9-C42B12149B8F}.Ad-Hoc|iPhone.ActiveCfg = Release|Any CPU
		{58FDFBEC-D675-48D7-88D9-C42B12149B8F}.Ad-Hoc|iPhone.Build.0 = Release|Any CPU
		{58FDFBEC-D675-48D7-88D9-C42B12149B8F}.Ad-Hoc|iPhoneSimulator.ActiveCfg = Release|Any CPU
		{58FDFBEC-D675-48D7-88D9-C42B12149B8F}.Ad-Hoc|iPhoneSimulator.Build.0 = Release|Any CPU
		{58FDFBEC-D675-48D7-88D9-C42B12149B8F}.Ad-Hoc|x64.ActiveCfg = Release|Any CPU
		{58FDFBEC-D675-48D7-88D9-C42B12149B8F}.Ad-Hoc|x64.Build.0 = Release|Any CPU
		{58FDFBEC-D675-48D7-88D9-C42B12149B8F}.Ad-Hoc|x86.ActiveCfg = Release|Any CPU
		{58FDFBEC-D675-48D7-88D9-C42B12149B8F}.Ad-Hoc|x86.Build.0 = Release|Any CPU
		{58FDFBEC-D675-48D7-88D9-C42B12149B8F}.AppStore|Any CPU.ActiveCfg = Release|Any CPU
		{58FDFBEC-D675-48D7-88D9-C42B12149B8F}.AppStore|Any CPU.Build.0 = Release|Any CPU
		{58FDFBEC-D675-48D7-88D9-C42B12149B8F}.AppStore|ARM.ActiveCfg = Release|Any CPU
		{58FDFBEC-D675-48D7-88D9-C42B12149B8F}.AppStore|ARM.Build.0 = Release|Any CPU
		{58FDFBEC-D675-48D7-88D9-C42B12149B8F}.AppStore|iPhone.ActiveCfg = Release|Any CPU
		{58FDFBEC-D675-48D7-88D9-C42B12149B8F}.AppStore|iPhone.Build.0 = Release|Any CPU
		{58FDFBEC-D675-48D7-88D9-C42B12149B8F}.AppStore|iPhoneSimulator.ActiveCfg = Release|Any CPU
		{58FDFBEC-D675-48D7-88D9-C42B12149B8F}.AppStore|iPhoneSimulator.Build.0 = Release|Any CPU
		{58FDFBEC-D675-48D7-88D9-C42B12149B8F}.AppStore|x64.ActiveCfg = Release|Any CPU
		{58FDFBEC-D675-48D7-88D9-C42B12149B8F}.AppStore|x64.Build.0 = Release|Any CPU
		{58FDFBEC-D675-48D7-88D9-C42B12149B8F}.AppStore|x86.ActiveCfg = Release|Any CPU
		{58FDFBEC-D675-48D7-88D9-C42B12149B8F}.AppStore|x86.Build.0 = Release|Any CPU
		{58FDFBEC-D675-48D7-88D9-C42B12149B8F}.Debug|Any CPU.ActiveCfg = Debug|Any CPU
		{58FDFBEC-D675-48D7-88D9-C42B12149B8F}.Debug|Any CPU.Build.0 = Debug|Any CPU
		{58FDFBEC-D675-48D7-88D9-C42B12149B8F}.Debug|ARM.ActiveCfg = Debug|Any CPU
		{58FDFBEC-D675-48D7-88D9-C42B12149B8F}.Debug|ARM.Build.0 = Debug|Any CPU
		{58FDFBEC-D675-48D7-88D9-C42B12149B8F}.Debug|iPhone.ActiveCfg = Debug|Any CPU
		{58FDFBEC-D675-48D7-88D9-C42B12149B8F}.Debug|iPhone.Build.0 = Debug|Any CPU
		{58FDFBEC-D675-48D7-88D9-C42B12149B8F}.Debug|iPhoneSimulator.ActiveCfg = Debug|Any CPU
		{58FDFBEC-D675-48D7-88D9-C42B12149B8F}.Debug|iPhoneSimulator.Build.0 = Debug|Any CPU
		{58FDFBEC-D675-48D7-88D9-C42B12149B8F}.Debug|x64.ActiveCfg = Debug|Any CPU
		{58FDFBEC-D675-48D7-88D9-C42B12149B8F}.Debug|x64.Build.0 = Debug|Any CPU
		{58FDFBEC-D675-48D7-88D9-C42B12149B8F}.Debug|x86.ActiveCfg = Debug|Any CPU
		{58FDFBEC-D675-48D7-88D9-C42B12149B8F}.Debug|x86.Build.0 = Debug|Any CPU
		{58FDFBEC-D675-48D7-88D9-C42B12149B8F}.Release|Any CPU.ActiveCfg = Release|Any CPU
		{58FDFBEC-D675-48D7-88D9-C42B12149B8F}.Release|Any CPU.Build.0 = Release|Any CPU
		{58FDFBEC-D675-48D7-88D9-C42B12149B8F}.Release|ARM.ActiveCfg = Release|Any CPU
		{58FDFBEC-D675-48D7-88D9-C42B12149B8F}.Release|ARM.Build.0 = Release|Any CPU
		{58FDFBEC-D675-48D7-88D9-C42B12149B8F}.Release|iPhone.ActiveCfg = Release|Any CPU
		{58FDFBEC-D675-48D7-88D9-C42B12149B8F}.Release|iPhone.Build.0 = Release|Any CPU
		{58FDFBEC-D675-48D7-88D9-C42B12149B8F}.Release|iPhoneSimulator.ActiveCfg = Release|Any CPU
		{58FDFBEC-D675-48D7-88D9-C42B12149B8F}.Release|iPhoneSimulator.Build.0 = Release|Any CPU
		{58FDFBEC-D675-48D7-88D9-C42B12149B8F}.Release|x64.ActiveCfg = Release|Any CPU
		{58FDFBEC-D675-48D7-88D9-C42B12149B8F}.Release|x64.Build.0 = Release|Any CPU
		{58FDFBEC-D675-48D7-88D9-C42B12149B8F}.Release|x86.ActiveCfg = Release|Any CPU
		{58FDFBEC-D675-48D7-88D9-C42B12149B8F}.Release|x86.Build.0 = Release|Any CPU
		{A66EEA92-D05D-498B-9C64-C49A0912D73E}.Ad-Hoc|Any CPU.ActiveCfg = Release|Any CPU
		{A66EEA92-D05D-498B-9C64-C49A0912D73E}.Ad-Hoc|Any CPU.Build.0 = Release|Any CPU
		{A66EEA92-D05D-498B-9C64-C49A0912D73E}.Ad-Hoc|Any CPU.Deploy.0 = Release|Any CPU
		{A66EEA92-D05D-498B-9C64-C49A0912D73E}.Ad-Hoc|ARM.ActiveCfg = Release|Any CPU
		{A66EEA92-D05D-498B-9C64-C49A0912D73E}.Ad-Hoc|ARM.Build.0 = Release|Any CPU
		{A66EEA92-D05D-498B-9C64-C49A0912D73E}.Ad-Hoc|ARM.Deploy.0 = Release|Any CPU
		{A66EEA92-D05D-498B-9C64-C49A0912D73E}.Ad-Hoc|iPhone.ActiveCfg = Release|Any CPU
		{A66EEA92-D05D-498B-9C64-C49A0912D73E}.Ad-Hoc|iPhone.Build.0 = Release|Any CPU
		{A66EEA92-D05D-498B-9C64-C49A0912D73E}.Ad-Hoc|iPhone.Deploy.0 = Release|Any CPU
		{A66EEA92-D05D-498B-9C64-C49A0912D73E}.Ad-Hoc|iPhoneSimulator.ActiveCfg = Release|Any CPU
		{A66EEA92-D05D-498B-9C64-C49A0912D73E}.Ad-Hoc|iPhoneSimulator.Build.0 = Release|Any CPU
		{A66EEA92-D05D-498B-9C64-C49A0912D73E}.Ad-Hoc|iPhoneSimulator.Deploy.0 = Release|Any CPU
		{A66EEA92-D05D-498B-9C64-C49A0912D73E}.Ad-Hoc|x64.ActiveCfg = Release|Any CPU
		{A66EEA92-D05D-498B-9C64-C49A0912D73E}.Ad-Hoc|x64.Build.0 = Release|Any CPU
		{A66EEA92-D05D-498B-9C64-C49A0912D73E}.Ad-Hoc|x64.Deploy.0 = Release|Any CPU
		{A66EEA92-D05D-498B-9C64-C49A0912D73E}.Ad-Hoc|x86.ActiveCfg = Release|Any CPU
		{A66EEA92-D05D-498B-9C64-C49A0912D73E}.Ad-Hoc|x86.Build.0 = Release|Any CPU
		{A66EEA92-D05D-498B-9C64-C49A0912D73E}.Ad-Hoc|x86.Deploy.0 = Release|Any CPU
		{A66EEA92-D05D-498B-9C64-C49A0912D73E}.AppStore|Any CPU.ActiveCfg = Release|Any CPU
		{A66EEA92-D05D-498B-9C64-C49A0912D73E}.AppStore|Any CPU.Build.0 = Release|Any CPU
		{A66EEA92-D05D-498B-9C64-C49A0912D73E}.AppStore|Any CPU.Deploy.0 = Release|Any CPU
		{A66EEA92-D05D-498B-9C64-C49A0912D73E}.AppStore|ARM.ActiveCfg = Release|Any CPU
		{A66EEA92-D05D-498B-9C64-C49A0912D73E}.AppStore|ARM.Build.0 = Release|Any CPU
		{A66EEA92-D05D-498B-9C64-C49A0912D73E}.AppStore|ARM.Deploy.0 = Release|Any CPU
		{A66EEA92-D05D-498B-9C64-C49A0912D73E}.AppStore|iPhone.ActiveCfg = Release|Any CPU
		{A66EEA92-D05D-498B-9C64-C49A0912D73E}.AppStore|iPhone.Build.0 = Release|Any CPU
		{A66EEA92-D05D-498B-9C64-C49A0912D73E}.AppStore|iPhone.Deploy.0 = Release|Any CPU
		{A66EEA92-D05D-498B-9C64-C49A0912D73E}.AppStore|iPhoneSimulator.ActiveCfg = Release|Any CPU
		{A66EEA92-D05D-498B-9C64-C49A0912D73E}.AppStore|iPhoneSimulator.Build.0 = Release|Any CPU
		{A66EEA92-D05D-498B-9C64-C49A0912D73E}.AppStore|iPhoneSimulator.Deploy.0 = Release|Any CPU
		{A66EEA92-D05D-498B-9C64-C49A0912D73E}.AppStore|x64.ActiveCfg = Release|Any CPU
		{A66EEA92-D05D-498B-9C64-C49A0912D73E}.AppStore|x64.Build.0 = Release|Any CPU
		{A66EEA92-D05D-498B-9C64-C49A0912D73E}.AppStore|x64.Deploy.0 = Release|Any CPU
		{A66EEA92-D05D-498B-9C64-C49A0912D73E}.AppStore|x86.ActiveCfg = Release|Any CPU
		{A66EEA92-D05D-498B-9C64-C49A0912D73E}.AppStore|x86.Build.0 = Release|Any CPU
		{A66EEA92-D05D-498B-9C64-C49A0912D73E}.AppStore|x86.Deploy.0 = Release|Any CPU
		{A66EEA92-D05D-498B-9C64-C49A0912D73E}.Debug|Any CPU.ActiveCfg = Debug|Any CPU
		{A66EEA92-D05D-498B-9C64-C49A0912D73E}.Debug|Any CPU.Build.0 = Debug|Any CPU
		{A66EEA92-D05D-498B-9C64-C49A0912D73E}.Debug|Any CPU.Deploy.0 = Debug|Any CPU
		{A66EEA92-D05D-498B-9C64-C49A0912D73E}.Debug|ARM.ActiveCfg = Debug|Any CPU
		{A66EEA92-D05D-498B-9C64-C49A0912D73E}.Debug|ARM.Build.0 = Debug|Any CPU
		{A66EEA92-D05D-498B-9C64-C49A0912D73E}.Debug|ARM.Deploy.0 = Debug|Any CPU
		{A66EEA92-D05D-498B-9C64-C49A0912D73E}.Debug|iPhone.ActiveCfg = Debug|Any CPU
		{A66EEA92-D05D-498B-9C64-C49A0912D73E}.Debug|iPhone.Build.0 = Debug|Any CPU
		{A66EEA92-D05D-498B-9C64-C49A0912D73E}.Debug|iPhone.Deploy.0 = Debug|Any CPU
		{A66EEA92-D05D-498B-9C64-C49A0912D73E}.Debug|iPhoneSimulator.ActiveCfg = Debug|Any CPU
		{A66EEA92-D05D-498B-9C64-C49A0912D73E}.Debug|iPhoneSimulator.Build.0 = Debug|Any CPU
		{A66EEA92-D05D-498B-9C64-C49A0912D73E}.Debug|iPhoneSimulator.Deploy.0 = Debug|Any CPU
		{A66EEA92-D05D-498B-9C64-C49A0912D73E}.Debug|x64.ActiveCfg = Debug|Any CPU
		{A66EEA92-D05D-498B-9C64-C49A0912D73E}.Debug|x64.Build.0 = Debug|Any CPU
		{A66EEA92-D05D-498B-9C64-C49A0912D73E}.Debug|x64.Deploy.0 = Debug|Any CPU
		{A66EEA92-D05D-498B-9C64-C49A0912D73E}.Debug|x86.ActiveCfg = Debug|Any CPU
		{A66EEA92-D05D-498B-9C64-C49A0912D73E}.Debug|x86.Build.0 = Debug|Any CPU
		{A66EEA92-D05D-498B-9C64-C49A0912D73E}.Debug|x86.Deploy.0 = Debug|Any CPU
		{A66EEA92-D05D-498B-9C64-C49A0912D73E}.Release|Any CPU.ActiveCfg = Release|Any CPU
		{A66EEA92-D05D-498B-9C64-C49A0912D73E}.Release|Any CPU.Build.0 = Release|Any CPU
		{A66EEA92-D05D-498B-9C64-C49A0912D73E}.Release|Any CPU.Deploy.0 = Release|Any CPU
		{A66EEA92-D05D-498B-9C64-C49A0912D73E}.Release|ARM.ActiveCfg = Release|Any CPU
		{A66EEA92-D05D-498B-9C64-C49A0912D73E}.Release|ARM.Build.0 = Release|Any CPU
		{A66EEA92-D05D-498B-9C64-C49A0912D73E}.Release|ARM.Deploy.0 = Release|Any CPU
		{A66EEA92-D05D-498B-9C64-C49A0912D73E}.Release|iPhone.ActiveCfg = Release|Any CPU
		{A66EEA92-D05D-498B-9C64-C49A0912D73E}.Release|iPhone.Build.0 = Release|Any CPU
		{A66EEA92-D05D-498B-9C64-C49A0912D73E}.Release|iPhone.Deploy.0 = Release|Any CPU
		{A66EEA92-D05D-498B-9C64-C49A0912D73E}.Release|iPhoneSimulator.ActiveCfg = Release|Any CPU
		{A66EEA92-D05D-498B-9C64-C49A0912D73E}.Release|iPhoneSimulator.Build.0 = Release|Any CPU
		{A66EEA92-D05D-498B-9C64-C49A0912D73E}.Release|iPhoneSimulator.Deploy.0 = Release|Any CPU
		{A66EEA92-D05D-498B-9C64-C49A0912D73E}.Release|x64.ActiveCfg = Release|Any CPU
		{A66EEA92-D05D-498B-9C64-C49A0912D73E}.Release|x64.Build.0 = Release|Any CPU
		{A66EEA92-D05D-498B-9C64-C49A0912D73E}.Release|x64.Deploy.0 = Release|Any CPU
		{A66EEA92-D05D-498B-9C64-C49A0912D73E}.Release|x86.ActiveCfg = Release|Any CPU
		{A66EEA92-D05D-498B-9C64-C49A0912D73E}.Release|x86.Build.0 = Release|Any CPU
		{A66EEA92-D05D-498B-9C64-C49A0912D73E}.Release|x86.Deploy.0 = Release|Any CPU
		{96033608-BD33-4F39-9E35-C33BFEC6C8F6}.Ad-Hoc|Any CPU.ActiveCfg = Ad-Hoc|iPhone
		{96033608-BD33-4F39-9E35-C33BFEC6C8F6}.Ad-Hoc|ARM.ActiveCfg = Ad-Hoc|iPhone
		{96033608-BD33-4F39-9E35-C33BFEC6C8F6}.Ad-Hoc|iPhone.ActiveCfg = Ad-Hoc|iPhone
		{96033608-BD33-4F39-9E35-C33BFEC6C8F6}.Ad-Hoc|iPhone.Build.0 = Ad-Hoc|iPhone
		{96033608-BD33-4F39-9E35-C33BFEC6C8F6}.Ad-Hoc|iPhoneSimulator.ActiveCfg = Ad-Hoc|iPhoneSimulator
		{96033608-BD33-4F39-9E35-C33BFEC6C8F6}.Ad-Hoc|iPhoneSimulator.Build.0 = Ad-Hoc|iPhoneSimulator
		{96033608-BD33-4F39-9E35-C33BFEC6C8F6}.Ad-Hoc|x64.ActiveCfg = Ad-Hoc|iPhone
		{96033608-BD33-4F39-9E35-C33BFEC6C8F6}.Ad-Hoc|x86.ActiveCfg = Ad-Hoc|iPhone
		{96033608-BD33-4F39-9E35-C33BFEC6C8F6}.AppStore|Any CPU.ActiveCfg = AppStore|iPhone
		{96033608-BD33-4F39-9E35-C33BFEC6C8F6}.AppStore|ARM.ActiveCfg = AppStore|iPhone
		{96033608-BD33-4F39-9E35-C33BFEC6C8F6}.AppStore|iPhone.ActiveCfg = AppStore|iPhone
		{96033608-BD33-4F39-9E35-C33BFEC6C8F6}.AppStore|iPhone.Build.0 = AppStore|iPhone
		{96033608-BD33-4F39-9E35-C33BFEC6C8F6}.AppStore|iPhoneSimulator.ActiveCfg = AppStore|iPhoneSimulator
		{96033608-BD33-4F39-9E35-C33BFEC6C8F6}.AppStore|iPhoneSimulator.Build.0 = AppStore|iPhoneSimulator
		{96033608-BD33-4F39-9E35-C33BFEC6C8F6}.AppStore|x64.ActiveCfg = AppStore|iPhone
		{96033608-BD33-4F39-9E35-C33BFEC6C8F6}.AppStore|x86.ActiveCfg = AppStore|iPhone
		{96033608-BD33-4F39-9E35-C33BFEC6C8F6}.Debug|Any CPU.ActiveCfg = Debug|iPhone
		{96033608-BD33-4F39-9E35-C33BFEC6C8F6}.Debug|ARM.ActiveCfg = Debug|iPhone
		{96033608-BD33-4F39-9E35-C33BFEC6C8F6}.Debug|iPhone.ActiveCfg = Debug|iPhone
		{96033608-BD33-4F39-9E35-C33BFEC6C8F6}.Debug|iPhone.Build.0 = Debug|iPhone
		{96033608-BD33-4F39-9E35-C33BFEC6C8F6}.Debug|iPhoneSimulator.ActiveCfg = Debug|iPhoneSimulator
		{96033608-BD33-4F39-9E35-C33BFEC6C8F6}.Debug|iPhoneSimulator.Build.0 = Debug|iPhoneSimulator
		{96033608-BD33-4F39-9E35-C33BFEC6C8F6}.Debug|x64.ActiveCfg = Debug|iPhone
		{96033608-BD33-4F39-9E35-C33BFEC6C8F6}.Debug|x86.ActiveCfg = Debug|iPhone
		{96033608-BD33-4F39-9E35-C33BFEC6C8F6}.Release|Any CPU.ActiveCfg = Release|iPhone
		{96033608-BD33-4F39-9E35-C33BFEC6C8F6}.Release|ARM.ActiveCfg = Release|iPhone
		{96033608-BD33-4F39-9E35-C33BFEC6C8F6}.Release|iPhone.ActiveCfg = Release|iPhone
		{96033608-BD33-4F39-9E35-C33BFEC6C8F6}.Release|iPhone.Build.0 = Release|iPhone
		{96033608-BD33-4F39-9E35-C33BFEC6C8F6}.Release|iPhoneSimulator.ActiveCfg = Release|iPhoneSimulator
		{96033608-BD33-4F39-9E35-C33BFEC6C8F6}.Release|iPhoneSimulator.Build.0 = Release|iPhoneSimulator
		{96033608-BD33-4F39-9E35-C33BFEC6C8F6}.Release|x64.ActiveCfg = Release|iPhone
		{96033608-BD33-4F39-9E35-C33BFEC6C8F6}.Release|x86.ActiveCfg = Release|iPhone
		{5B9E03C6-20D3-4DB4-B59B-9398DD306270}.Ad-Hoc|Any CPU.ActiveCfg = Release|Any CPU
		{5B9E03C6-20D3-4DB4-B59B-9398DD306270}.Ad-Hoc|Any CPU.Build.0 = Release|Any CPU
		{5B9E03C6-20D3-4DB4-B59B-9398DD306270}.Ad-Hoc|Any CPU.Deploy.0 = Release|Any CPU
		{5B9E03C6-20D3-4DB4-B59B-9398DD306270}.Ad-Hoc|ARM.ActiveCfg = Release|ARM
		{5B9E03C6-20D3-4DB4-B59B-9398DD306270}.Ad-Hoc|ARM.Build.0 = Release|ARM
		{5B9E03C6-20D3-4DB4-B59B-9398DD306270}.Ad-Hoc|ARM.Deploy.0 = Release|ARM
		{5B9E03C6-20D3-4DB4-B59B-9398DD306270}.Ad-Hoc|iPhone.ActiveCfg = Release|Any CPU
		{5B9E03C6-20D3-4DB4-B59B-9398DD306270}.Ad-Hoc|iPhone.Build.0 = Release|Any CPU
		{5B9E03C6-20D3-4DB4-B59B-9398DD306270}.Ad-Hoc|iPhone.Deploy.0 = Release|Any CPU
		{5B9E03C6-20D3-4DB4-B59B-9398DD306270}.Ad-Hoc|iPhoneSimulator.ActiveCfg = Release|Any CPU
		{5B9E03C6-20D3-4DB4-B59B-9398DD306270}.Ad-Hoc|iPhoneSimulator.Build.0 = Release|Any CPU
		{5B9E03C6-20D3-4DB4-B59B-9398DD306270}.Ad-Hoc|iPhoneSimulator.Deploy.0 = Release|Any CPU
		{5B9E03C6-20D3-4DB4-B59B-9398DD306270}.Ad-Hoc|x64.ActiveCfg = Release|Any CPU
		{5B9E03C6-20D3-4DB4-B59B-9398DD306270}.Ad-Hoc|x64.Build.0 = Release|Any CPU
		{5B9E03C6-20D3-4DB4-B59B-9398DD306270}.Ad-Hoc|x64.Deploy.0 = Release|Any CPU
		{5B9E03C6-20D3-4DB4-B59B-9398DD306270}.Ad-Hoc|x86.ActiveCfg = Release|x86
		{5B9E03C6-20D3-4DB4-B59B-9398DD306270}.Ad-Hoc|x86.Build.0 = Release|x86
		{5B9E03C6-20D3-4DB4-B59B-9398DD306270}.Ad-Hoc|x86.Deploy.0 = Release|x86
		{5B9E03C6-20D3-4DB4-B59B-9398DD306270}.AppStore|Any CPU.ActiveCfg = Release|Any CPU
		{5B9E03C6-20D3-4DB4-B59B-9398DD306270}.AppStore|Any CPU.Build.0 = Release|Any CPU
		{5B9E03C6-20D3-4DB4-B59B-9398DD306270}.AppStore|Any CPU.Deploy.0 = Release|Any CPU
		{5B9E03C6-20D3-4DB4-B59B-9398DD306270}.AppStore|ARM.ActiveCfg = Release|ARM
		{5B9E03C6-20D3-4DB4-B59B-9398DD306270}.AppStore|ARM.Build.0 = Release|ARM
		{5B9E03C6-20D3-4DB4-B59B-9398DD306270}.AppStore|ARM.Deploy.0 = Release|ARM
		{5B9E03C6-20D3-4DB4-B59B-9398DD306270}.AppStore|iPhone.ActiveCfg = Release|Any CPU
		{5B9E03C6-20D3-4DB4-B59B-9398DD306270}.AppStore|iPhone.Build.0 = Release|Any CPU
		{5B9E03C6-20D3-4DB4-B59B-9398DD306270}.AppStore|iPhone.Deploy.0 = Release|Any CPU
		{5B9E03C6-20D3-4DB4-B59B-9398DD306270}.AppStore|iPhoneSimulator.ActiveCfg = Release|Any CPU
		{5B9E03C6-20D3-4DB4-B59B-9398DD306270}.AppStore|iPhoneSimulator.Build.0 = Release|Any CPU
		{5B9E03C6-20D3-4DB4-B59B-9398DD306270}.AppStore|iPhoneSimulator.Deploy.0 = Release|Any CPU
		{5B9E03C6-20D3-4DB4-B59B-9398DD306270}.AppStore|x64.ActiveCfg = Release|Any CPU
		{5B9E03C6-20D3-4DB4-B59B-9398DD306270}.AppStore|x64.Build.0 = Release|Any CPU
		{5B9E03C6-20D3-4DB4-B59B-9398DD306270}.AppStore|x64.Deploy.0 = Release|Any CPU
		{5B9E03C6-20D3-4DB4-B59B-9398DD306270}.AppStore|x86.ActiveCfg = Release|x86
		{5B9E03C6-20D3-4DB4-B59B-9398DD306270}.AppStore|x86.Build.0 = Release|x86
		{5B9E03C6-20D3-4DB4-B59B-9398DD306270}.AppStore|x86.Deploy.0 = Release|x86
		{5B9E03C6-20D3-4DB4-B59B-9398DD306270}.Debug|Any CPU.ActiveCfg = Debug|Any CPU
		{5B9E03C6-20D3-4DB4-B59B-9398DD306270}.Debug|Any CPU.Build.0 = Debug|Any CPU
		{5B9E03C6-20D3-4DB4-B59B-9398DD306270}.Debug|Any CPU.Deploy.0 = Debug|Any CPU
		{5B9E03C6-20D3-4DB4-B59B-9398DD306270}.Debug|ARM.ActiveCfg = Debug|ARM
		{5B9E03C6-20D3-4DB4-B59B-9398DD306270}.Debug|ARM.Build.0 = Debug|ARM
		{5B9E03C6-20D3-4DB4-B59B-9398DD306270}.Debug|ARM.Deploy.0 = Debug|ARM
		{5B9E03C6-20D3-4DB4-B59B-9398DD306270}.Debug|iPhone.ActiveCfg = Debug|Any CPU
		{5B9E03C6-20D3-4DB4-B59B-9398DD306270}.Debug|iPhone.Build.0 = Debug|Any CPU
		{5B9E03C6-20D3-4DB4-B59B-9398DD306270}.Debug|iPhone.Deploy.0 = Debug|Any CPU
		{5B9E03C6-20D3-4DB4-B59B-9398DD306270}.Debug|iPhoneSimulator.ActiveCfg = Debug|Any CPU
		{5B9E03C6-20D3-4DB4-B59B-9398DD306270}.Debug|iPhoneSimulator.Build.0 = Debug|Any CPU
		{5B9E03C6-20D3-4DB4-B59B-9398DD306270}.Debug|iPhoneSimulator.Deploy.0 = Debug|Any CPU
		{5B9E03C6-20D3-4DB4-B59B-9398DD306270}.Debug|x64.ActiveCfg = Debug|Any CPU
		{5B9E03C6-20D3-4DB4-B59B-9398DD306270}.Debug|x64.Build.0 = Debug|Any CPU
		{5B9E03C6-20D3-4DB4-B59B-9398DD306270}.Debug|x64.Deploy.0 = Debug|Any CPU
		{5B9E03C6-20D3-4DB4-B59B-9398DD306270}.Debug|x86.ActiveCfg = Debug|x86
		{5B9E03C6-20D3-4DB4-B59B-9398DD306270}.Debug|x86.Build.0 = Debug|x86
		{5B9E03C6-20D3-4DB4-B59B-9398DD306270}.Debug|x86.Deploy.0 = Debug|x86
		{5B9E03C6-20D3-4DB4-B59B-9398DD306270}.Release|Any CPU.ActiveCfg = Release|Any CPU
		{5B9E03C6-20D3-4DB4-B59B-9398DD306270}.Release|Any CPU.Build.0 = Release|Any CPU
		{5B9E03C6-20D3-4DB4-B59B-9398DD306270}.Release|Any CPU.Deploy.0 = Release|Any CPU
		{5B9E03C6-20D3-4DB4-B59B-9398DD306270}.Release|ARM.ActiveCfg = Release|ARM
		{5B9E03C6-20D3-4DB4-B59B-9398DD306270}.Release|ARM.Build.0 = Release|ARM
		{5B9E03C6-20D3-4DB4-B59B-9398DD306270}.Release|ARM.Deploy.0 = Release|ARM
		{5B9E03C6-20D3-4DB4-B59B-9398DD306270}.Release|iPhone.ActiveCfg = Release|Any CPU
		{5B9E03C6-20D3-4DB4-B59B-9398DD306270}.Release|iPhone.Build.0 = Release|Any CPU
		{5B9E03C6-20D3-4DB4-B59B-9398DD306270}.Release|iPhone.Deploy.0 = Release|Any CPU
		{5B9E03C6-20D3-4DB4-B59B-9398DD306270}.Release|iPhoneSimulator.ActiveCfg = Release|Any CPU
		{5B9E03C6-20D3-4DB4-B59B-9398DD306270}.Release|iPhoneSimulator.Build.0 = Release|Any CPU
		{5B9E03C6-20D3-4DB4-B59B-9398DD306270}.Release|iPhoneSimulator.Deploy.0 = Release|Any CPU
		{5B9E03C6-20D3-4DB4-B59B-9398DD306270}.Release|x64.ActiveCfg = Release|Any CPU
		{5B9E03C6-20D3-4DB4-B59B-9398DD306270}.Release|x64.Build.0 = Release|Any CPU
		{5B9E03C6-20D3-4DB4-B59B-9398DD306270}.Release|x64.Deploy.0 = Release|Any CPU
		{5B9E03C6-20D3-4DB4-B59B-9398DD306270}.Release|x86.ActiveCfg = Release|x86
		{5B9E03C6-20D3-4DB4-B59B-9398DD306270}.Release|x86.Build.0 = Release|x86
		{5B9E03C6-20D3-4DB4-B59B-9398DD306270}.Release|x86.Deploy.0 = Release|x86
		{A358ED8E-1DA5-4603-8868-CE547F5D8752}.Ad-Hoc|Any CPU.ActiveCfg = Release|x86
		{A358ED8E-1DA5-4603-8868-CE547F5D8752}.Ad-Hoc|Any CPU.Build.0 = Release|x86
		{A358ED8E-1DA5-4603-8868-CE547F5D8752}.Ad-Hoc|Any CPU.Deploy.0 = Release|x86
		{A358ED8E-1DA5-4603-8868-CE547F5D8752}.Ad-Hoc|ARM.ActiveCfg = Release|ARM
		{A358ED8E-1DA5-4603-8868-CE547F5D8752}.Ad-Hoc|ARM.Build.0 = Release|ARM
		{A358ED8E-1DA5-4603-8868-CE547F5D8752}.Ad-Hoc|ARM.Deploy.0 = Release|ARM
		{A358ED8E-1DA5-4603-8868-CE547F5D8752}.Ad-Hoc|iPhone.ActiveCfg = Release|x86
		{A358ED8E-1DA5-4603-8868-CE547F5D8752}.Ad-Hoc|iPhone.Build.0 = Release|x86
		{A358ED8E-1DA5-4603-8868-CE547F5D8752}.Ad-Hoc|iPhone.Deploy.0 = Release|x86
		{A358ED8E-1DA5-4603-8868-CE547F5D8752}.Ad-Hoc|iPhoneSimulator.ActiveCfg = Release|x86
		{A358ED8E-1DA5-4603-8868-CE547F5D8752}.Ad-Hoc|iPhoneSimulator.Build.0 = Release|x86
		{A358ED8E-1DA5-4603-8868-CE547F5D8752}.Ad-Hoc|iPhoneSimulator.Deploy.0 = Release|x86
		{A358ED8E-1DA5-4603-8868-CE547F5D8752}.Ad-Hoc|x64.ActiveCfg = Release|x64
		{A358ED8E-1DA5-4603-8868-CE547F5D8752}.Ad-Hoc|x64.Build.0 = Release|x64
		{A358ED8E-1DA5-4603-8868-CE547F5D8752}.Ad-Hoc|x64.Deploy.0 = Release|x64
		{A358ED8E-1DA5-4603-8868-CE547F5D8752}.Ad-Hoc|x86.ActiveCfg = Release|x86
		{A358ED8E-1DA5-4603-8868-CE547F5D8752}.Ad-Hoc|x86.Build.0 = Release|x86
		{A358ED8E-1DA5-4603-8868-CE547F5D8752}.Ad-Hoc|x86.Deploy.0 = Release|x86
		{A358ED8E-1DA5-4603-8868-CE547F5D8752}.AppStore|Any CPU.ActiveCfg = Release|x86
		{A358ED8E-1DA5-4603-8868-CE547F5D8752}.AppStore|Any CPU.Build.0 = Release|x86
		{A358ED8E-1DA5-4603-8868-CE547F5D8752}.AppStore|Any CPU.Deploy.0 = Release|x86
		{A358ED8E-1DA5-4603-8868-CE547F5D8752}.AppStore|ARM.ActiveCfg = Release|ARM
		{A358ED8E-1DA5-4603-8868-CE547F5D8752}.AppStore|ARM.Build.0 = Release|ARM
		{A358ED8E-1DA5-4603-8868-CE547F5D8752}.AppStore|ARM.Deploy.0 = Release|ARM
		{A358ED8E-1DA5-4603-8868-CE547F5D8752}.AppStore|iPhone.ActiveCfg = Release|x86
		{A358ED8E-1DA5-4603-8868-CE547F5D8752}.AppStore|iPhone.Build.0 = Release|x86
		{A358ED8E-1DA5-4603-8868-CE547F5D8752}.AppStore|iPhone.Deploy.0 = Release|x86
		{A358ED8E-1DA5-4603-8868-CE547F5D8752}.AppStore|iPhoneSimulator.ActiveCfg = Release|x86
		{A358ED8E-1DA5-4603-8868-CE547F5D8752}.AppStore|iPhoneSimulator.Build.0 = Release|x86
		{A358ED8E-1DA5-4603-8868-CE547F5D8752}.AppStore|iPhoneSimulator.Deploy.0 = Release|x86
		{A358ED8E-1DA5-4603-8868-CE547F5D8752}.AppStore|x64.ActiveCfg = Release|x64
		{A358ED8E-1DA5-4603-8868-CE547F5D8752}.AppStore|x64.Build.0 = Release|x64
		{A358ED8E-1DA5-4603-8868-CE547F5D8752}.AppStore|x64.Deploy.0 = Release|x64
		{A358ED8E-1DA5-4603-8868-CE547F5D8752}.AppStore|x86.ActiveCfg = Release|x86
		{A358ED8E-1DA5-4603-8868-CE547F5D8752}.AppStore|x86.Build.0 = Release|x86
		{A358ED8E-1DA5-4603-8868-CE547F5D8752}.AppStore|x86.Deploy.0 = Release|x86
		{A358ED8E-1DA5-4603-8868-CE547F5D8752}.Debug|Any CPU.ActiveCfg = Debug|x86
		{A358ED8E-1DA5-4603-8868-CE547F5D8752}.Debug|ARM.ActiveCfg = Debug|ARM
		{A358ED8E-1DA5-4603-8868-CE547F5D8752}.Debug|ARM.Build.0 = Debug|ARM
		{A358ED8E-1DA5-4603-8868-CE547F5D8752}.Debug|ARM.Deploy.0 = Debug|ARM
		{A358ED8E-1DA5-4603-8868-CE547F5D8752}.Debug|iPhone.ActiveCfg = Debug|x86
		{A358ED8E-1DA5-4603-8868-CE547F5D8752}.Debug|iPhoneSimulator.ActiveCfg = Debug|x86
		{A358ED8E-1DA5-4603-8868-CE547F5D8752}.Debug|x64.ActiveCfg = Debug|x64
		{A358ED8E-1DA5-4603-8868-CE547F5D8752}.Debug|x64.Build.0 = Debug|x64
		{A358ED8E-1DA5-4603-8868-CE547F5D8752}.Debug|x64.Deploy.0 = Debug|x64
		{A358ED8E-1DA5-4603-8868-CE547F5D8752}.Debug|x86.ActiveCfg = Debug|x86
		{A358ED8E-1DA5-4603-8868-CE547F5D8752}.Debug|x86.Build.0 = Debug|x86
		{A358ED8E-1DA5-4603-8868-CE547F5D8752}.Debug|x86.Deploy.0 = Debug|x86
		{A358ED8E-1DA5-4603-8868-CE547F5D8752}.Release|Any CPU.ActiveCfg = Release|x86
		{A358ED8E-1DA5-4603-8868-CE547F5D8752}.Release|ARM.ActiveCfg = Release|ARM
		{A358ED8E-1DA5-4603-8868-CE547F5D8752}.Release|ARM.Build.0 = Release|ARM
		{A358ED8E-1DA5-4603-8868-CE547F5D8752}.Release|ARM.Deploy.0 = Release|ARM
		{A358ED8E-1DA5-4603-8868-CE547F5D8752}.Release|iPhone.ActiveCfg = Release|x86
		{A358ED8E-1DA5-4603-8868-CE547F5D8752}.Release|iPhoneSimulator.ActiveCfg = Release|x86
		{A358ED8E-1DA5-4603-8868-CE547F5D8752}.Release|x64.ActiveCfg = Release|x64
		{A358ED8E-1DA5-4603-8868-CE547F5D8752}.Release|x64.Build.0 = Release|x64
		{A358ED8E-1DA5-4603-8868-CE547F5D8752}.Release|x64.Deploy.0 = Release|x64
		{A358ED8E-1DA5-4603-8868-CE547F5D8752}.Release|x86.ActiveCfg = Release|x86
		{A358ED8E-1DA5-4603-8868-CE547F5D8752}.Release|x86.Build.0 = Release|x86
		{A358ED8E-1DA5-4603-8868-CE547F5D8752}.Release|x86.Deploy.0 = Release|x86
		{C536B5BE-7E43-4CB7-AB5C-1489C1A0E1A6}.Ad-Hoc|Any CPU.ActiveCfg = Release|Any CPU
		{C536B5BE-7E43-4CB7-AB5C-1489C1A0E1A6}.Ad-Hoc|Any CPU.Build.0 = Release|Any CPU
		{C536B5BE-7E43-4CB7-AB5C-1489C1A0E1A6}.Ad-Hoc|Any CPU.Deploy.0 = Release|Any CPU
		{C536B5BE-7E43-4CB7-AB5C-1489C1A0E1A6}.Ad-Hoc|ARM.ActiveCfg = Release|ARM
		{C536B5BE-7E43-4CB7-AB5C-1489C1A0E1A6}.Ad-Hoc|ARM.Build.0 = Release|ARM
		{C536B5BE-7E43-4CB7-AB5C-1489C1A0E1A6}.Ad-Hoc|ARM.Deploy.0 = Release|ARM
		{C536B5BE-7E43-4CB7-AB5C-1489C1A0E1A6}.Ad-Hoc|iPhone.ActiveCfg = Release|Any CPU
		{C536B5BE-7E43-4CB7-AB5C-1489C1A0E1A6}.Ad-Hoc|iPhone.Build.0 = Release|Any CPU
		{C536B5BE-7E43-4CB7-AB5C-1489C1A0E1A6}.Ad-Hoc|iPhone.Deploy.0 = Release|Any CPU
		{C536B5BE-7E43-4CB7-AB5C-1489C1A0E1A6}.Ad-Hoc|iPhoneSimulator.ActiveCfg = Release|Any CPU
		{C536B5BE-7E43-4CB7-AB5C-1489C1A0E1A6}.Ad-Hoc|iPhoneSimulator.Build.0 = Release|Any CPU
		{C536B5BE-7E43-4CB7-AB5C-1489C1A0E1A6}.Ad-Hoc|iPhoneSimulator.Deploy.0 = Release|Any CPU
		{C536B5BE-7E43-4CB7-AB5C-1489C1A0E1A6}.Ad-Hoc|x64.ActiveCfg = Release|x64
		{C536B5BE-7E43-4CB7-AB5C-1489C1A0E1A6}.Ad-Hoc|x64.Build.0 = Release|x64
		{C536B5BE-7E43-4CB7-AB5C-1489C1A0E1A6}.Ad-Hoc|x64.Deploy.0 = Release|x64
		{C536B5BE-7E43-4CB7-AB5C-1489C1A0E1A6}.Ad-Hoc|x86.ActiveCfg = Release|x86
		{C536B5BE-7E43-4CB7-AB5C-1489C1A0E1A6}.Ad-Hoc|x86.Build.0 = Release|x86
		{C536B5BE-7E43-4CB7-AB5C-1489C1A0E1A6}.Ad-Hoc|x86.Deploy.0 = Release|x86
		{C536B5BE-7E43-4CB7-AB5C-1489C1A0E1A6}.AppStore|Any CPU.ActiveCfg = Release|Any CPU
		{C536B5BE-7E43-4CB7-AB5C-1489C1A0E1A6}.AppStore|Any CPU.Build.0 = Release|Any CPU
		{C536B5BE-7E43-4CB7-AB5C-1489C1A0E1A6}.AppStore|Any CPU.Deploy.0 = Release|Any CPU
		{C536B5BE-7E43-4CB7-AB5C-1489C1A0E1A6}.AppStore|ARM.ActiveCfg = Release|ARM
		{C536B5BE-7E43-4CB7-AB5C-1489C1A0E1A6}.AppStore|ARM.Build.0 = Release|ARM
		{C536B5BE-7E43-4CB7-AB5C-1489C1A0E1A6}.AppStore|ARM.Deploy.0 = Release|ARM
		{C536B5BE-7E43-4CB7-AB5C-1489C1A0E1A6}.AppStore|iPhone.ActiveCfg = Release|Any CPU
		{C536B5BE-7E43-4CB7-AB5C-1489C1A0E1A6}.AppStore|iPhone.Build.0 = Release|Any CPU
		{C536B5BE-7E43-4CB7-AB5C-1489C1A0E1A6}.AppStore|iPhone.Deploy.0 = Release|Any CPU
		{C536B5BE-7E43-4CB7-AB5C-1489C1A0E1A6}.AppStore|iPhoneSimulator.ActiveCfg = Release|Any CPU
		{C536B5BE-7E43-4CB7-AB5C-1489C1A0E1A6}.AppStore|iPhoneSimulator.Build.0 = Release|Any CPU
		{C536B5BE-7E43-4CB7-AB5C-1489C1A0E1A6}.AppStore|iPhoneSimulator.Deploy.0 = Release|Any CPU
		{C536B5BE-7E43-4CB7-AB5C-1489C1A0E1A6}.AppStore|x64.ActiveCfg = Release|x64
		{C536B5BE-7E43-4CB7-AB5C-1489C1A0E1A6}.AppStore|x64.Build.0 = Release|x64
		{C536B5BE-7E43-4CB7-AB5C-1489C1A0E1A6}.AppStore|x64.Deploy.0 = Release|x64
		{C536B5BE-7E43-4CB7-AB5C-1489C1A0E1A6}.AppStore|x86.ActiveCfg = Release|x86
		{C536B5BE-7E43-4CB7-AB5C-1489C1A0E1A6}.AppStore|x86.Build.0 = Release|x86
		{C536B5BE-7E43-4CB7-AB5C-1489C1A0E1A6}.AppStore|x86.Deploy.0 = Release|x86
		{C536B5BE-7E43-4CB7-AB5C-1489C1A0E1A6}.Debug|Any CPU.ActiveCfg = Debug|Any CPU
		{C536B5BE-7E43-4CB7-AB5C-1489C1A0E1A6}.Debug|Any CPU.Build.0 = Debug|Any CPU
		{C536B5BE-7E43-4CB7-AB5C-1489C1A0E1A6}.Debug|Any CPU.Deploy.0 = Debug|Any CPU
		{C536B5BE-7E43-4CB7-AB5C-1489C1A0E1A6}.Debug|ARM.ActiveCfg = Debug|ARM
		{C536B5BE-7E43-4CB7-AB5C-1489C1A0E1A6}.Debug|ARM.Build.0 = Debug|ARM
		{C536B5BE-7E43-4CB7-AB5C-1489C1A0E1A6}.Debug|ARM.Deploy.0 = Debug|ARM
		{C536B5BE-7E43-4CB7-AB5C-1489C1A0E1A6}.Debug|iPhone.ActiveCfg = Debug|Any CPU
		{C536B5BE-7E43-4CB7-AB5C-1489C1A0E1A6}.Debug|iPhone.Build.0 = Debug|Any CPU
		{C536B5BE-7E43-4CB7-AB5C-1489C1A0E1A6}.Debug|iPhone.Deploy.0 = Debug|Any CPU
		{C536B5BE-7E43-4CB7-AB5C-1489C1A0E1A6}.Debug|iPhoneSimulator.ActiveCfg = Debug|Any CPU
		{C536B5BE-7E43-4CB7-AB5C-1489C1A0E1A6}.Debug|iPhoneSimulator.Build.0 = Debug|Any CPU
		{C536B5BE-7E43-4CB7-AB5C-1489C1A0E1A6}.Debug|iPhoneSimulator.Deploy.0 = Debug|Any CPU
		{C536B5BE-7E43-4CB7-AB5C-1489C1A0E1A6}.Debug|x64.ActiveCfg = Debug|x64
		{C536B5BE-7E43-4CB7-AB5C-1489C1A0E1A6}.Debug|x64.Build.0 = Debug|x64
		{C536B5BE-7E43-4CB7-AB5C-1489C1A0E1A6}.Debug|x64.Deploy.0 = Debug|x64
		{C536B5BE-7E43-4CB7-AB5C-1489C1A0E1A6}.Debug|x86.ActiveCfg = Debug|x86
		{C536B5BE-7E43-4CB7-AB5C-1489C1A0E1A6}.Debug|x86.Build.0 = Debug|x86
		{C536B5BE-7E43-4CB7-AB5C-1489C1A0E1A6}.Debug|x86.Deploy.0 = Debug|x86
		{C536B5BE-7E43-4CB7-AB5C-1489C1A0E1A6}.Release|Any CPU.ActiveCfg = Release|Any CPU
		{C536B5BE-7E43-4CB7-AB5C-1489C1A0E1A6}.Release|Any CPU.Build.0 = Release|Any CPU
		{C536B5BE-7E43-4CB7-AB5C-1489C1A0E1A6}.Release|Any CPU.Deploy.0 = Release|Any CPU
		{C536B5BE-7E43-4CB7-AB5C-1489C1A0E1A6}.Release|ARM.ActiveCfg = Release|ARM
		{C536B5BE-7E43-4CB7-AB5C-1489C1A0E1A6}.Release|ARM.Build.0 = Release|ARM
		{C536B5BE-7E43-4CB7-AB5C-1489C1A0E1A6}.Release|ARM.Deploy.0 = Release|ARM
		{C536B5BE-7E43-4CB7-AB5C-1489C1A0E1A6}.Release|iPhone.ActiveCfg = Release|Any CPU
		{C536B5BE-7E43-4CB7-AB5C-1489C1A0E1A6}.Release|iPhone.Build.0 = Release|Any CPU
		{C536B5BE-7E43-4CB7-AB5C-1489C1A0E1A6}.Release|iPhone.Deploy.0 = Release|Any CPU
		{C536B5BE-7E43-4CB7-AB5C-1489C1A0E1A6}.Release|iPhoneSimulator.ActiveCfg = Release|Any CPU
		{C536B5BE-7E43-4CB7-AB5C-1489C1A0E1A6}.Release|iPhoneSimulator.Build.0 = Release|Any CPU
		{C536B5BE-7E43-4CB7-AB5C-1489C1A0E1A6}.Release|iPhoneSimulator.Deploy.0 = Release|Any CPU
		{C536B5BE-7E43-4CB7-AB5C-1489C1A0E1A6}.Release|x64.ActiveCfg = Release|x64
		{C536B5BE-7E43-4CB7-AB5C-1489C1A0E1A6}.Release|x64.Build.0 = Release|x64
		{C536B5BE-7E43-4CB7-AB5C-1489C1A0E1A6}.Release|x64.Deploy.0 = Release|x64
		{C536B5BE-7E43-4CB7-AB5C-1489C1A0E1A6}.Release|x86.ActiveCfg = Release|x86
		{C536B5BE-7E43-4CB7-AB5C-1489C1A0E1A6}.Release|x86.Build.0 = Release|x86
		{C536B5BE-7E43-4CB7-AB5C-1489C1A0E1A6}.Release|x86.Deploy.0 = Release|x86
	EndGlobalSection
	GlobalSection(SolutionProperties) = preSolution
		HideSolutionNode = FALSE
	EndGlobalSection
EndGlobal
